
Microsoft Visual Studio Solution File, Format Version 12.00
# Visual Studio 15
VisualStudioVersion = 15.0.33529.398
MinimumVisualStudioVersion = 10.0.40219.1
Project("{9A19103F-16F7-4668-BE54-9A1E7A4F7556}") = "testApp1", "testApp1\testApp1.csproj", "{D04EB51B-14D9-4A9C-AD92-E921B96E9A98}"
EndProject
Project("{9A19103F-16F7-4668-BE54-9A1E7A4F7556}") = "testApp2", "testApp2\testApp2.csproj", "{64FEE38F-44CE-45FE-BCAB-3FB4B3F31F1C}"
EndProject
Project("{9A19103F-16F7-4668-BE54-9A1E7A4F7556}") = "Serialize_Deserialize_XML", "Serialize_Deserialize_XML\Serialize_Deserialize_XML.csproj", "{B9B5A956-E47B-45A0-9670-CD012EA7A376}"
EndProject
Project("{9A19103F-16F7-4668-BE54-9A1E7A4F7556}") = "Serialize_Deserialize_XML2", "Serialize_Deserialize_XML2\Serialize_Deserialize_XML2.csproj", "{23B68B43-E387-49A3-9EE8-FDADEF7BC1B5}"
EndProject
Project("{9A19103F-16F7-4668-BE54-9A1E7A4F7556}") = "Serialize_Deserialize_XML_list", "Serialize_Deserialize_XML_list\Serialize_Deserialize_XML_list.csproj", "{27E94E4F-7A4D-4AF4-96E2-C98CE1C9CA46}"
EndProject
Project("{9A19103F-16F7-4668-BE54-9A1E7A4F7556}") = "Comparing_Two_FolderPath", "Comparing_Two_FolderPath\Comparing_Two_FolderPath.csproj", "{197F0280-E497-4F11-9A81-68118A188869}"
EndProject
Project("{FAE04EC0-301F-11D3-BF4B-00C04F79EFBC}") = "My_First_WPF", "My_First_WPF\My_First_WPF.csproj", "{5952DB29-C51E-4795-97BE-1D3CB938260B}"
EndProject
Project("{9A19103F-16F7-4668-BE54-9A1E7A4F7556}") = "test_total_number", "test_total_number\test_total_number.csproj", "{46244FA0-C74F-4065-A12C-D7C64D758409}"
EndProject
Project("{FAE04EC0-301F-11D3-BF4B-00C04F79EFBC}") = "Test_String_Eliminate", "Test_String_Eliminate\Test_String_Eliminate.csproj", "{B78C3555-F802-4D37-A9BD-692EA97FE087}"
EndProject
Project("{2150E333-8FDC-42A3-9474-1A3956D46DE8}") = "Learn_WPF", "Learn_WPF", "{B83C13AA-3583-465F-8110-A08FD298AD43}"
EndProject
Project("{FAE04EC0-301F-11D3-BF4B-00C04F79EFBC}") = "Learn_Grid_WPF", "Learn_Grid_WPF\Learn_Grid_WPF.csproj", "{47BCCBC9-D847-4C8A-B8BE-31AFBA55DF48}"
EndProject
Project("{FAE04EC0-301F-11D3-BF4B-00C04F79EFBC}") = "Custom_Separate_User_Control", "Custom_Separate_User_Control\Custom_Separate_User_Control.csproj", "{7691AD62-D7D9-46E8-844A-41512F113980}"
EndProject
Project("{FAE04EC0-301F-11D3-BF4B-00C04F79EFBC}") = "Custom_Textbox_Control", "Custom_Textbox_Control\Custom_Textbox_Control.csproj", "{114159A2-5461-4C18-8BE5-CE2D58079F4B}"
EndProject
Project("{FAE04EC0-301F-11D3-BF4B-00C04F79EFBC}") = "DataBinding_INotifyPropertyChanged", "DataBinding_INotifyPropertyChanged\DataBinding_INotifyPropertyChanged.csproj", "{6621C8E8-0A91-4248-A846-F4F5A1287C7E}"
EndProject
Project("{2150E333-8FDC-42A3-9474-1A3956D46DE8}") = "Learn_MVVM", "Learn_MVVM", "{165950EA-A3AA-405D-A5C0-2EF54ED42BCB}"
EndProject
Project("{FAE04EC0-301F-11D3-BF4B-00C04F79EFBC}") = "ReservationRoom", "ReservationRoom\ReservationRoom.csproj", "{4CBEC578-6774-4F19-9B85-4AF154C3FD61}"
EndProject
Project("{FAE04EC0-301F-11D3-BF4B-00C04F79EFBC}") = "TestMessageBox", "MessageBox\TestMessageBox.csproj", "{DAA9474A-363B-444D-88ED-B82967CE9828}"
EndProject
Project("{FAE04EC0-301F-11D3-BF4B-00C04F79EFBC}") = "TestListView", "TestListView\TestListView.csproj", "{A2B82914-34AE-48F7-B0C5-F497F5567145}"
EndProject
Project("{FAE04EC0-301F-11D3-BF4B-00C04F79EFBC}") = "TestListView_ObservableCollection", "TestListView_ObservableCollection\TestListView_ObservableCollection.csproj", "{5A0759B1-5889-4415-89F1-8DB852B468DC}"
EndProject
Project("{FAE04EC0-301F-11D3-BF4B-00C04F79EFBC}") = "TestStackPanel", "TestStackPanel\TestStackPanel.csproj", "{FC61867E-446B-41AE-B7C2-73272E8B5927}"
EndProject
Project("{FAE04EC0-301F-11D3-BF4B-00C04F79EFBC}") = "Test_Grid_Splitter", "Test_Grid_Splitter\Test_Grid_Splitter.csproj", "{78A0AB22-D038-4CA1-A894-75AC7CB13BF2}"
EndProject
Project("{FAE04EC0-301F-11D3-BF4B-00C04F79EFBC}") = "Test_Expander", "Test_Expander\Test_Expander.csproj", "{4E61685B-60B0-4752-8CD0-AC90D2FB1796}"
EndProject
Project("{FAE04EC0-301F-11D3-BF4B-00C04F79EFBC}") = "Learn_MVVM_1", "Learn_MVVM_1\Learn_MVVM_1.csproj", "{FEE694AC-55C5-44C8-81B5-A290ED3D0504}"
EndProject
Global
	GlobalSection(SolutionConfigurationPlatforms) = preSolution
		Debug|Any CPU = Debug|Any CPU
		Release|Any CPU = Release|Any CPU
	EndGlobalSection
	GlobalSection(ProjectConfigurationPlatforms) = postSolution
		{D04EB51B-14D9-4A9C-AD92-E921B96E9A98}.Debug|Any CPU.ActiveCfg = Debug|Any CPU
		{D04EB51B-14D9-4A9C-AD92-E921B96E9A98}.Debug|Any CPU.Build.0 = Debug|Any CPU
		{D04EB51B-14D9-4A9C-AD92-E921B96E9A98}.Release|Any CPU.ActiveCfg = Release|Any CPU
		{D04EB51B-14D9-4A9C-AD92-E921B96E9A98}.Release|Any CPU.Build.0 = Release|Any CPU
		{64FEE38F-44CE-45FE-BCAB-3FB4B3F31F1C}.Debug|Any CPU.ActiveCfg = Debug|Any CPU
		{64FEE38F-44CE-45FE-BCAB-3FB4B3F31F1C}.Debug|Any CPU.Build.0 = Debug|Any CPU
		{64FEE38F-44CE-45FE-BCAB-3FB4B3F31F1C}.Release|Any CPU.ActiveCfg = Release|Any CPU
		{64FEE38F-44CE-45FE-BCAB-3FB4B3F31F1C}.Release|Any CPU.Build.0 = Release|Any CPU
		{B9B5A956-E47B-45A0-9670-CD012EA7A376}.Debug|Any CPU.ActiveCfg = Debug|Any CPU
		{B9B5A956-E47B-45A0-9670-CD012EA7A376}.Debug|Any CPU.Build.0 = Debug|Any CPU
		{B9B5A956-E47B-45A0-9670-CD012EA7A376}.Release|Any CPU.ActiveCfg = Release|Any CPU
		{B9B5A956-E47B-45A0-9670-CD012EA7A376}.Release|Any CPU.Build.0 = Release|Any CPU
		{23B68B43-E387-49A3-9EE8-FDADEF7BC1B5}.Debug|Any CPU.ActiveCfg = Debug|Any CPU
		{23B68B43-E387-49A3-9EE8-FDADEF7BC1B5}.Debug|Any CPU.Build.0 = Debug|Any CPU
		{23B68B43-E387-49A3-9EE8-FDADEF7BC1B5}.Release|Any CPU.ActiveCfg = Release|Any CPU
		{23B68B43-E387-49A3-9EE8-FDADEF7BC1B5}.Release|Any CPU.Build.0 = Release|Any CPU
		{27E94E4F-7A4D-4AF4-96E2-C98CE1C9CA46}.Debug|Any CPU.ActiveCfg = Debug|Any CPU
		{27E94E4F-7A4D-4AF4-96E2-C98CE1C9CA46}.Debug|Any CPU.Build.0 = Debug|Any CPU
		{27E94E4F-7A4D-4AF4-96E2-C98CE1C9CA46}.Release|Any CPU.ActiveCfg = Release|Any CPU
		{27E94E4F-7A4D-4AF4-96E2-C98CE1C9CA46}.Release|Any CPU.Build.0 = Release|Any CPU
		{197F0280-E497-4F11-9A81-68118A188869}.Debug|Any CPU.ActiveCfg = Debug|Any CPU
		{197F0280-E497-4F11-9A81-68118A188869}.Debug|Any CPU.Build.0 = Debug|Any CPU
		{197F0280-E497-4F11-9A81-68118A188869}.Release|Any CPU.ActiveCfg = Release|Any CPU
		{197F0280-E497-4F11-9A81-68118A188869}.Release|Any CPU.Build.0 = Release|Any CPU
		{5952DB29-C51E-4795-97BE-1D3CB938260B}.Debug|Any CPU.ActiveCfg = Debug|Any CPU
		{5952DB29-C51E-4795-97BE-1D3CB938260B}.Debug|Any CPU.Build.0 = Debug|Any CPU
		{5952DB29-C51E-4795-97BE-1D3CB938260B}.Release|Any CPU.ActiveCfg = Release|Any CPU
		{5952DB29-C51E-4795-97BE-1D3CB938260B}.Release|Any CPU.Build.0 = Release|Any CPU
		{46244FA0-C74F-4065-A12C-D7C64D758409}.Debug|Any CPU.ActiveCfg = Debug|Any CPU
		{46244FA0-C74F-4065-A12C-D7C64D758409}.Debug|Any CPU.Build.0 = Debug|Any CPU
		{46244FA0-C74F-4065-A12C-D7C64D758409}.Release|Any CPU.ActiveCfg = Release|Any CPU
		{46244FA0-C74F-4065-A12C-D7C64D758409}.Release|Any CPU.Build.0 = Release|Any CPU
		{B78C3555-F802-4D37-A9BD-692EA97FE087}.Debug|Any CPU.ActiveCfg = Debug|Any CPU
		{B78C3555-F802-4D37-A9BD-692EA97FE087}.Debug|Any CPU.Build.0 = Debug|Any CPU
		{B78C3555-F802-4D37-A9BD-692EA97FE087}.Release|Any CPU.ActiveCfg = Release|Any CPU
		{B78C3555-F802-4D37-A9BD-692EA97FE087}.Release|Any CPU.Build.0 = Release|Any CPU
		{47BCCBC9-D847-4C8A-B8BE-31AFBA55DF48}.Debug|Any CPU.ActiveCfg = Debug|Any CPU
		{47BCCBC9-D847-4C8A-B8BE-31AFBA55DF48}.Debug|Any CPU.Build.0 = Debug|Any CPU
		{47BCCBC9-D847-4C8A-B8BE-31AFBA55DF48}.Release|Any CPU.ActiveCfg = Release|Any CPU
		{47BCCBC9-D847-4C8A-B8BE-31AFBA55DF48}.Release|Any CPU.Build.0 = Release|Any CPU
		{7691AD62-D7D9-46E8-844A-41512F113980}.Debug|Any CPU.ActiveCfg = Debug|Any CPU
		{7691AD62-D7D9-46E8-844A-41512F113980}.Debug|Any CPU.Build.0 = Debug|Any CPU
		{7691AD62-D7D9-46E8-844A-41512F113980}.Release|Any CPU.ActiveCfg = Release|Any CPU
		{7691AD62-D7D9-46E8-844A-41512F113980}.Release|Any CPU.Build.0 = Release|Any CPU
		{114159A2-5461-4C18-8BE5-CE2D58079F4B}.Debug|Any CPU.ActiveCfg = Debug|Any CPU
		{114159A2-5461-4C18-8BE5-CE2D58079F4B}.Debug|Any CPU.Build.0 = Debug|Any CPU
		{114159A2-5461-4C18-8BE5-CE2D58079F4B}.Release|Any CPU.ActiveCfg = Release|Any CPU
		{114159A2-5461-4C18-8BE5-CE2D58079F4B}.Release|Any CPU.Build.0 = Release|Any CPU
		{6621C8E8-0A91-4248-A846-F4F5A1287C7E}.Debug|Any CPU.ActiveCfg = Debug|Any CPU
		{6621C8E8-0A91-4248-A846-F4F5A1287C7E}.Debug|Any CPU.Build.0 = Debug|Any CPU
		{6621C8E8-0A91-4248-A846-F4F5A1287C7E}.Release|Any CPU.ActiveCfg = Release|Any CPU
		{6621C8E8-0A91-4248-A846-F4F5A1287C7E}.Release|Any CPU.Build.0 = Release|Any CPU
		{4CBEC578-6774-4F19-9B85-4AF154C3FD61}.Debug|Any CPU.ActiveCfg = Debug|Any CPU
		{4CBEC578-6774-4F19-9B85-4AF154C3FD61}.Debug|Any CPU.Build.0 = Debug|Any CPU
		{4CBEC578-6774-4F19-9B85-4AF154C3FD61}.Release|Any CPU.ActiveCfg = Release|Any CPU
		{4CBEC578-6774-4F19-9B85-4AF154C3FD61}.Release|Any CPU.Build.0 = Release|Any CPU
		{DAA9474A-363B-444D-88ED-B82967CE9828}.Debug|Any CPU.ActiveCfg = Debug|Any CPU
		{DAA9474A-363B-444D-88ED-B82967CE9828}.Debug|Any CPU.Build.0 = Debug|Any CPU
		{DAA9474A-363B-444D-88ED-B82967CE9828}.Release|Any CPU.ActiveCfg = Release|Any CPU
		{DAA9474A-363B-444D-88ED-B82967CE9828}.Release|Any CPU.Build.0 = Release|Any CPU
		{A2B82914-34AE-48F7-B0C5-F497F5567145}.Debug|Any CPU.ActiveCfg = Debug|Any CPU
		{A2B82914-34AE-48F7-B0C5-F497F5567145}.Debug|Any CPU.Build.0 = Debug|Any CPU
		{A2B82914-34AE-48F7-B0C5-F497F5567145}.Release|Any CPU.ActiveCfg = Release|Any CPU
		{A2B82914-34AE-48F7-B0C5-F497F5567145}.Release|Any CPU.Build.0 = Release|Any CPU
		{5A0759B1-5889-4415-89F1-8DB852B468DC}.Debug|Any CPU.ActiveCfg = Debug|Any CPU
		{5A0759B1-5889-4415-89F1-8DB852B468DC}.Debug|Any CPU.Build.0 = Debug|Any CPU
		{5A0759B1-5889-4415-89F1-8DB852B468DC}.Release|Any CPU.ActiveCfg = Release|Any CPU
		{5A0759B1-5889-4415-89F1-8DB852B468DC}.Release|Any CPU.Build.0 = Release|Any CPU
		{FC61867E-446B-41AE-B7C2-73272E8B5927}.Debug|Any CPU.ActiveCfg = Debug|Any CPU
		{FC61867E-446B-41AE-B7C2-73272E8B5927}.Debug|Any CPU.Build.0 = Debug|Any CPU
		{FC61867E-446B-41AE-B7C2-73272E8B5927}.Release|Any CPU.ActiveCfg = Release|Any CPU
		{FC61867E-446B-41AE-B7C2-73272E8B5927}.Release|Any CPU.Build.0 = Release|Any CPU
		{78A0AB22-D038-4CA1-A894-75AC7CB13BF2}.Debug|Any CPU.ActiveCfg = Debug|Any CPU
		{78A0AB22-D038-4CA1-A894-75AC7CB13BF2}.Debug|Any CPU.Build.0 = Debug|Any CPU
		{78A0AB22-D038-4CA1-A894-75AC7CB13BF2}.Release|Any CPU.ActiveCfg = Release|Any CPU
		{78A0AB22-D038-4CA1-A894-75AC7CB13BF2}.Release|Any CPU.Build.0 = Release|Any CPU
		{4E61685B-60B0-4752-8CD0-AC90D2FB1796}.Debug|Any CPU.ActiveCfg = Debug|Any CPU
		{4E61685B-60B0-4752-8CD0-AC90D2FB1796}.Debug|Any CPU.Build.0 = Debug|Any CPU
		{4E61685B-60B0-4752-8CD0-AC90D2FB1796}.Release|Any CPU.ActiveCfg = Release|Any CPU
		{4E61685B-60B0-4752-8CD0-AC90D2FB1796}.Release|Any CPU.Build.0 = Release|Any CPU
		{FEE694AC-55C5-44C8-81B5-A290ED3D0504}.Debug|Any CPU.ActiveCfg = Debug|Any CPU
		{FEE694AC-55C5-44C8-81B5-A290ED3D0504}.Debug|Any CPU.Build.0 = Debug|Any CPU
		{FEE694AC-55C5-44C8-81B5-A290ED3D0504}.Release|Any CPU.ActiveCfg = Release|Any CPU
		{FEE694AC-55C5-44C8-81B5-A290ED3D0504}.Release|Any CPU.Build.0 = Release|Any CPU
	EndGlobalSection
	GlobalSection(SolutionProperties) = preSolution
		HideSolutionNode = FALSE
	EndGlobalSection
	GlobalSection(NestedProjects) = preSolution
		{5952DB29-C51E-4795-97BE-1D3CB938260B} = {B83C13AA-3583-465F-8110-A08FD298AD43}
		{47BCCBC9-D847-4C8A-B8BE-31AFBA55DF48} = {B83C13AA-3583-465F-8110-A08FD298AD43}
		{7691AD62-D7D9-46E8-844A-41512F113980} = {B83C13AA-3583-465F-8110-A08FD298AD43}
		{114159A2-5461-4C18-8BE5-CE2D58079F4B} = {B83C13AA-3583-465F-8110-A08FD298AD43}
		{6621C8E8-0A91-4248-A846-F4F5A1287C7E} = {B83C13AA-3583-465F-8110-A08FD298AD43}
		{4CBEC578-6774-4F19-9B85-4AF154C3FD61} = {165950EA-A3AA-405D-A5C0-2EF54ED42BCB}
		{DAA9474A-363B-444D-88ED-B82967CE9828} = {B83C13AA-3583-465F-8110-A08FD298AD43}
		{A2B82914-34AE-48F7-B0C5-F497F5567145} = {B83C13AA-3583-465F-8110-A08FD298AD43}
		{5A0759B1-5889-4415-89F1-8DB852B468DC} = {B83C13AA-3583-465F-8110-A08FD298AD43}
		{FC61867E-446B-41AE-B7C2-73272E8B5927} = {B83C13AA-3583-465F-8110-A08FD298AD43}
		{78A0AB22-D038-4CA1-A894-75AC7CB13BF2} = {B83C13AA-3583-465F-8110-A08FD298AD43}
		{4E61685B-60B0-4752-8CD0-AC90D2FB1796} = {B83C13AA-3583-465F-8110-A08FD298AD43}
		{FEE694AC-55C5-44C8-81B5-A290ED3D0504} = {B83C13AA-3583-465F-8110-A08FD298AD43}
	EndGlobalSection
	GlobalSection(ExtensibilityGlobals) = postSolution
		SolutionGuid = {84E3B9B5-C6FE-48B9-8B80-77F45DB7C5E3}
	EndGlobalSection
EndGlobal
